# generated by rye
# use `rye lock` or `rye sync` to update this lockfile
#
# last locked with the following flags:
#   pre: false
#   features: []
#   all-features: false
#   with-sources: false
#   generate-hashes: false
#   universal: false

-e file:.
microdot==2.0.6
    # via micro-htmx
micropython-rp2-pico-w-stubs==1.20.0.post5
    # via micro-htmx
micropython-stdlib-stubs==1.1.2
    # via micropython-rp2-pico-w-stubs
typing-extensions==4.12.2
    # via micro-htmx
